
Microsoft Visual Studio Solution File, Format Version 12.00
# Visual Studio 2013
VisualStudioVersion = 12.0.30501.0
MinimumVisualStudioVersion = 10.0.40219.1
Project("{FAE04EC0-301F-11D3-BF4B-00C04F79EFBC}") = "Serilog.Extensions", "Serilog.Extensions\Serilog.Extensions.csproj", "{C178B312-DA66-4027-A5F5-EA839091BD0C}"
EndProject
Project("{FAE04EC0-301F-11D3-BF4B-00C04F79EFBC}") = "Serilog.FullNetFx.Extensions", "Serilog.FullNetFx.Extensions\Serilog.FullNetFx.Extensions.csproj", "{465E2E95-EF14-444A-8D0D-E6E396C3EF56}"
EndProject
Project("{2150E333-8FDC-42A3-9474-1A3956D46DE8}") = "Solution Items", "Solution Items", "{E70D6ACD-9224-447F-96B8-E2EA75765BFF}"
	ProjectSection(SolutionItems) = preProject
		GlobalAssemblyInfo.cs = GlobalAssemblyInfo.cs
	EndProjectSection
EndProject
Global
	GlobalSection(SolutionConfigurationPlatforms) = preSolution
		Debug|Any CPU = Debug|Any CPU
		Release|Any CPU = Release|Any CPU
	EndGlobalSection
	GlobalSection(ProjectConfigurationPlatforms) = postSolution
		{C178B312-DA66-4027-A5F5-EA839091BD0C}.Debug|Any CPU.ActiveCfg = Debug|Any CPU
		{C178B312-DA66-4027-A5F5-EA839091BD0C}.Debug|Any CPU.Build.0 = Debug|Any CPU
		{C178B312-DA66-4027-A5F5-EA839091BD0C}.Release|Any CPU.ActiveCfg = Release|Any CPU
		{C178B312-DA66-4027-A5F5-EA839091BD0C}.Release|Any CPU.Build.0 = Release|Any CPU
		{465E2E95-EF14-444A-8D0D-E6E396C3EF56}.Debug|Any CPU.ActiveCfg = Debug|Any CPU
		{465E2E95-EF14-444A-8D0D-E6E396C3EF56}.Debug|Any CPU.Build.0 = Debug|Any CPU
		{465E2E95-EF14-444A-8D0D-E6E396C3EF56}.Release|Any CPU.ActiveCfg = Release|Any CPU
		{465E2E95-EF14-444A-8D0D-E6E396C3EF56}.Release|Any CPU.Build.0 = Release|Any CPU
	EndGlobalSection
	GlobalSection(SolutionProperties) = preSolution
		HideSolutionNode = FALSE
	EndGlobalSection
EndGlobal
